{
  "name": "ts-execution-runner",
  "version": "0.2.0",
  "lockfileVersion": 3,
  "requires": true,
  "packages": {
    "": {
      "name": "ts-execution-runner",
      "version": "0.2.0",
      "dependencies": {
        "zod": "4.1.11"
      },
      "bin": {
        "ts-exec": "src/cli.ts",
        "mat-xform": "src/mat-xform/cli.ts"
      },
      "engines": {
        "node": ">=22.6"
      }
    },
    "node_modules/zod": {
      "version": "4.1.11",
      "resolved": "https://registry.npmjs.org/zod/-/zod-4.1.11.tgz",
      "integrity": "sha512-WPsqwxITS2tzx1bzhIKsEs19ABD5vmCVa4xBo2tq/SrV4RNZtfws1EnCWQXM6yh8bD08a1idvkB5MZSBiZsjwg==",
      "license": "MIT",
      "funding": {
        "url": "https://github.com/sponsors/colinhacks"
      }
    }
  }
}
